
Microsoft Visual Studio Solution File, Format Version 12.00
# Visual Studio Version 16
VisualStudioVersion = 16.0.29324.140
MinimumVisualStudioVersion = 10.0.40219.1
Project("{FAE04EC0-301F-11D3-BF4B-00C04F79EFBC}") = "Chatroom", "Chatroom\Chatroom.csproj", "{7347B046-6504-452A-A505-D32CCDCAE085}"
EndProject
Global
	GlobalSection(SolutionConfigurationPlatforms) = preSolution
		Debug|Any CPU = Debug|Any CPU
		Release|Any CPU = Release|Any CPU
	EndGlobalSection
	GlobalSection(ProjectConfigurationPlatforms) = postSolution
		{7347B046-6504-452A-A505-D32CCDCAE085}.Debug|Any CPU.ActiveCfg = Debug|Any CPU
		{7347B046-6504-452A-A505-D32CCDCAE085}.Debug|Any CPU.Build.0 = Debug|Any CPU
		{7347B046-6504-452A-A505-D32CCDCAE085}.Release|Any CPU.ActiveCfg = Release|Any CPU
		{7347B046-6504-452A-A505-D32CCDCAE085}.Release|Any CPU.Build.0 = Release|Any CPU
	EndGlobalSection
	GlobalSection(SolutionProperties) = preSolution
		HideSolutionNode = FALSE
	EndGlobalSection
	GlobalSection(ExtensibilityGlobals) = postSolution
		SolutionGuid = {3CBC30B6-3A38-49C9-AFBD-26583171AD81}
	EndGlobalSection
EndGlobal
